
Microsoft Visual Studio Solution File, Format Version 12.00
# Visual Studio Version 16
VisualStudioVersion = 16.0.30204.135
MinimumVisualStudioVersion = 10.0.40219.1
Project("{FAE04EC0-301F-11D3-BF4B-00C04F79EFBC}") = "OPM", "OPM.csproj", "{677AED62-6A40-4917-A0B0-575152C44D61}"
EndProject
Global
	GlobalSection(SolutionConfigurationPlatforms) = preSolution
		Debug|Any CPU = Debug|Any CPU
		Release|Any CPU = Release|Any CPU
	EndGlobalSection
	GlobalSection(ProjectConfigurationPlatforms) = postSolution
		{677AED62-6A40-4917-A0B0-575152C44D61}.Debug|Any CPU.ActiveCfg = Debug|Any CPU
		{677AED62-6A40-4917-A0B0-575152C44D61}.Debug|Any CPU.Build.0 = Debug|Any CPU
		{677AED62-6A40-4917-A0B0-575152C44D61}.Release|Any CPU.ActiveCfg = Release|Any CPU
		{677AED62-6A40-4917-A0B0-575152C44D61}.Release|Any CPU.Build.0 = Release|Any CPU
	EndGlobalSection
	GlobalSection(SolutionProperties) = preSolution
		HideSolutionNode = FALSE
	EndGlobalSection
	GlobalSection(ExtensibilityGlobals) = postSolution
		SolutionGuid = {FFE5A88C-86BA-4018-B085-5824EA34A19A}
	EndGlobalSection
EndGlobal
